Microsoft Visual Studio Solution File, Format Version 9.00
# Visual Studio 2005
Project("{FAE04EC0-301F-11D3-BF4B-00C04F79EFBC}") = "WindowsApplication1", "WindowsApplication1\WindowsApplication1.csproj", "{64BB4D79-2EB4-4E03-BF8A-16C9E0C67663}"
	ProjectSection(WebsiteProperties) = preProject
		Debug.AspNetCompiler.Debug = "True"
		Release.AspNetCompiler.Debug = "False"
	EndProjectSection
EndProject
Global
	GlobalSection(SolutionConfigurationPlatforms) = preSolution
		Debug|Any CPU = Debug|Any CPU
		Release|Any CPU = Release|Any CPU
	EndGlobalSection
	GlobalSection(ProjectConfigurationPlatforms) = postSolution
		{64BB4D79-2EB4-4E03-BF8A-16C9E0C67663}.Debug|Any CPU.ActiveCfg = Debug|Any CPU
		{64BB4D79-2EB4-4E03-BF8A-16C9E0C67663}.Debug|Any CPU.Build.0 = Debug|Any CPU
		{64BB4D79-2EB4-4E03-BF8A-16C9E0C67663}.Release|Any CPU.ActiveCfg = Release|Any CPU
		{64BB4D79-2EB4-4E03-BF8A-16C9E0C67663}.Release|Any CPU.Build.0 = Release|Any CPU
	EndGlobalSection
	GlobalSection(SolutionProperties) = preSolution
		HideSolutionNode = FALSE
	EndGlobalSection
EndGlobal
